
Microsoft Visual Studio Solution File, Format Version 12.00
# Visual Studio Version 16
VisualStudioVersion = 16.0.31112.23
MinimumVisualStudioVersion = 10.0.40219.1
Project("{FAE04EC0-301F-11D3-BF4B-00C04F79EFBC}") = "MiniPaintV3.0", "MiniPaintV3.0.csproj", "{D38328FB-863F-493D-822D-9ABB05EAE858}"
EndProject
Global
	GlobalSection(SolutionConfigurationPlatforms) = preSolution
		Debug|Any CPU = Debug|Any CPU
		Release|Any CPU = Release|Any CPU
	EndGlobalSection
	GlobalSection(ProjectConfigurationPlatforms) = postSolution
		{D38328FB-863F-493D-822D-9ABB05EAE858}.Debug|Any CPU.ActiveCfg = Debug|Any CPU
		{D38328FB-863F-493D-822D-9ABB05EAE858}.Debug|Any CPU.Build.0 = Debug|Any CPU
		{D38328FB-863F-493D-822D-9ABB05EAE858}.Release|Any CPU.ActiveCfg = Release|Any CPU
		{D38328FB-863F-493D-822D-9ABB05EAE858}.Release|Any CPU.Build.0 = Release|Any CPU
	EndGlobalSection
	GlobalSection(SolutionProperties) = preSolution
		HideSolutionNode = FALSE
	EndGlobalSection
	GlobalSection(ExtensibilityGlobals) = postSolution
		SolutionGuid = {EEA6C1D4-E12C-44B7-BD25-10419D7CCAB9}
	EndGlobalSection
EndGlobal
